DEPENDENCIES
  elasticsearch
    path: .
    metadata: true
  ele-apt
    git: https://github.com/mmi-cookbooks/ele-apt.git
    revision: 67a7e699312d3fbfd50d32dc227aacda3c67fb7d
    tag: 0.1.1
  iptables
  java
  runit

GRAPH
  apt (2.9.2)
  aptly (0.2.6)
    apt (>= 0.0.0)
  compat_resource (12.7.1)
  elasticsearch (0.1.1)
    ele-apt (>= 0.0.0)
    iptables (>= 0.0.0)
    java (>= 0.0.0)
    ohai (>= 0.0.0)
    runit (>= 0.0.0)
  ele-apt (0.1.1)
    apt (>= 0.0.0)
    aptly (>= 0.0.0)
  iptables (2.1.1)
    compat_resource (>= 0.0.0)
  java (1.39.0)
    apt (>= 0.0.0)
  ohai (2.1.0)
  packagecloud (0.1.1)
  runit (1.7.6)
    packagecloud (>= 0.0.0)
